
Microsoft Visual Studio Solution File, Format Version 12.00
# Visual Studio Version 17
VisualStudioVersion = 17.13.35825.156
MinimumVisualStudioVersion = 10.0.40219.1
Project("{FAE04EC0-301F-11D3-BF4B-00C04F79EFBC}") = "Lab2", "Lab2.csproj", "{A09F96C5-04CD-4548-949C-CDC7D6A8A496}"
EndProject
Project("{FAE04EC0-301F-11D3-BF4B-00C04F79EFBC}") = "Lab2Task2", "..\Lab2Task2\Lab2Task2.csproj", "{23715833-C3A1-493A-BF4C-0ED201E1EE04}"
EndProject
Global
	GlobalSection(SolutionConfigurationPlatforms) = preSolution
		Debug|Any CPU = Debug|Any CPU
		Release|Any CPU = Release|Any CPU
	EndGlobalSection
	GlobalSection(ProjectConfigurationPlatforms) = postSolution
		{A09F96C5-04CD-4548-949C-CDC7D6A8A496}.Debug|Any CPU.ActiveCfg = Debug|Any CPU
		{A09F96C5-04CD-4548-949C-CDC7D6A8A496}.Debug|Any CPU.Build.0 = Debug|Any CPU
		{A09F96C5-04CD-4548-949C-CDC7D6A8A496}.Release|Any CPU.ActiveCfg = Release|Any CPU
		{A09F96C5-04CD-4548-949C-CDC7D6A8A496}.Release|Any CPU.Build.0 = Release|Any CPU
		{23715833-C3A1-493A-BF4C-0ED201E1EE04}.Debug|Any CPU.ActiveCfg = Debug|Any CPU
		{23715833-C3A1-493A-BF4C-0ED201E1EE04}.Debug|Any CPU.Build.0 = Debug|Any CPU
		{23715833-C3A1-493A-BF4C-0ED201E1EE04}.Release|Any CPU.ActiveCfg = Release|Any CPU
		{23715833-C3A1-493A-BF4C-0ED201E1EE04}.Release|Any CPU.Build.0 = Release|Any CPU
	EndGlobalSection
	GlobalSection(SolutionProperties) = preSolution
		HideSolutionNode = FALSE
	EndGlobalSection
	GlobalSection(ExtensibilityGlobals) = postSolution
		SolutionGuid = {4D030948-3D66-4909-ADEC-5EDF8644D500}
	EndGlobalSection
EndGlobal
