
Microsoft Visual Studio Solution File, Format Version 12.00
# Visual Studio Version 17
VisualStudioVersion = 17.13.35828.75 d17.13
MinimumVisualStudioVersion = 10.0.40219.1
Project("{FAE04EC0-301F-11D3-BF4B-00C04F79EFBC}") = "Lab5.1", "Lab5.1.csproj", "{890A9964-0163-490F-9DB4-4DA4CB875252}"
EndProject
Global
	GlobalSection(SolutionConfigurationPlatforms) = preSolution
		Debug|Any CPU = Debug|Any CPU
		Release|Any CPU = Release|Any CPU
	EndGlobalSection
	GlobalSection(ProjectConfigurationPlatforms) = postSolution
		{890A9964-0163-490F-9DB4-4DA4CB875252}.Debug|Any CPU.ActiveCfg = Debug|Any CPU
		{890A9964-0163-490F-9DB4-4DA4CB875252}.Debug|Any CPU.Build.0 = Debug|Any CPU
		{890A9964-0163-490F-9DB4-4DA4CB875252}.Release|Any CPU.ActiveCfg = Release|Any CPU
		{890A9964-0163-490F-9DB4-4DA4CB875252}.Release|Any CPU.Build.0 = Release|Any CPU
	EndGlobalSection
	GlobalSection(SolutionProperties) = preSolution
		HideSolutionNode = FALSE
	EndGlobalSection
	GlobalSection(ExtensibilityGlobals) = postSolution
		SolutionGuid = {1C2D07C8-612D-4A1A-AB2C-3452E737D6A2}
	EndGlobalSection
EndGlobal
